{
  "name": "soufianeodf.github.io",
  "version": "1.0.0",
  "lockfileVersion": 1,
  "requires": true,
  "dependencies": {
    "@sentry/browser": {
      "version": "6.10.0",
      "resolved": "https://registry.npmjs.org/@sentry/browser/-/browser-6.10.0.tgz",
      "integrity": "sha512-H0Blgp8f8bomebkkGWIgxHVjabtQAlsKJDiFXBg7gIc75YcarRxwH0R3hMog1/h8mmv4CGGUsy5ljYW6jsNnvA==",
      "requires": {
        "@sentry/core": "6.10.0",
        "@sentry/types": "6.10.0",
        "@sentry/utils": "6.10.0",
        "tslib": "^1.9.3"
      }
    },
    "@sentry/core": {
      "version": "6.10.0",
      "resolved": "https://registry.npmjs.org/@sentry/core/-/core-6.10.0.tgz",
      "integrity": "sha512-5KlxHJlbD7AMo+b9pMGkjxUOfMILtsqCtGgI7DMvZNfEkdohO8QgUY+hPqr540kmwArFS91ipQYWhqzGaOhM3Q==",
      "requires": {
        "@sentry/hub": "6.10.0",
        "@sentry/minimal": "6.10.0",
        "@sentry/types": "6.10.0",
        "@sentry/utils": "6.10.0",
        "tslib": "^1.9.3"
      }
    },
    "@sentry/hub": {
      "version": "6.10.0",
      "resolved": "https://registry.npmjs.org/@sentry/hub/-/hub-6.10.0.tgz",
      "integrity": "sha512-MV8wjhWiFAXZAhmj7Ef5QdBr2IF93u8xXiIo2J+dRZ7eVa4/ZszoUiDbhUcl/TPxczaw4oW2a6tINBNFLzXiig==",
      "requires": {
        "@sentry/types": "6.10.0",
        "@sentry/utils": "6.10.0",
        "tslib": "^1.9.3"
      }
    },
    "@sentry/minimal": {
      "version": "6.10.0",
      "resolved": "https://registry.npmjs.org/@sentry/minimal/-/minimal-6.10.0.tgz",
      "integrity": "sha512-yarm046UgUFIBoxqnBan2+BEgaO9KZCrLzsIsmALiQvpfW92K1lHurSawl5W6SR7wCYBnNn7CPvPE/BHFdy4YA==",
      "requires": {
        "@sentry/hub": "6.10.0",
        "@sentry/types": "6.10.0",
        "tslib": "^1.9.3"
      }
    },
    "@sentry/tracing": {
      "version": "6.10.0",
      "resolved": "https://registry.npmjs.org/@sentry/tracing/-/tracing-6.10.0.tgz",
      "integrity": "sha512-jZj6Aaf8kU5wgyNXbAJHosHn8OOFdK14lgwYPb/AIDsY35g9a9ncTOqIOBp8X3KkmSR8lcBzAEyiUzCxAis2jA==",
      "requires": {
        "@sentry/hub": "6.10.0",
        "@sentry/minimal": "6.10.0",
        "@sentry/types": "6.10.0",
        "@sentry/utils": "6.10.0",
        "tslib": "^1.9.3"
      }
    },
    "@sentry/types": {
      "version": "6.10.0",
      "resolved": "https://registry.npmjs.org/@sentry/types/-/types-6.10.0.tgz",
      "integrity": "sha512-M7s0JFgG7/6/yNVYoPUbxzaXDhnzyIQYRRJJKRaTD77YO4MHvi4Ke8alBWqD5fer0cPIfcSkBqa9BLdqRqcMWw=="
    },
    "@sentry/utils": {
      "version": "6.10.0",
      "resolved": "https://registry.npmjs.org/@sentry/utils/-/utils-6.10.0.tgz",
      "integrity": "sha512-F9OczOcZMFtazYVZ6LfRIe65/eOfQbiAedIKS0li4npuMz0jKYRbxrjd/U7oLiNQkPAp4/BujU4m1ZIwq6a+tg==",
      "requires": {
        "@sentry/types": "6.10.0",
        "tslib": "^1.9.3"
      }
    },
    "tslib": {
      "version": "1.14.1",
      "resolved": "https://registry.npmjs.org/tslib/-/tslib-1.14.1.tgz",
      "integrity": "sha512-Xni35NKzjgMrwevysHTCArtLDpPvye8zV/0E4EyYn43P7/7qvQwPh9BGkHewbMulVntbigmcT7rdX3BNo9wRJg=="
    }
  }
}
